
Microsoft Visual Studio Solution File, Format Version 12.00
# Visual Studio 2012
Project("{FAE04EC0-301F-11D3-BF4B-00C04F79EFBC}") = "Xamarin.AsyncTests", "external\web-tests\Xamarin.AsyncTests\Xamarin.AsyncTests.csproj", "{CE125B3F-AD36-4EDD-B3D5-4CDBE430924A}"
EndProject
Project("{FAE04EC0-301F-11D3-BF4B-00C04F79EFBC}") = "Mono.Security.NewTls.Interface", "Mono.Security.NewTls.Interface\Mono.Security.NewTls.Interface.csproj", "{E471C608-9CA8-4787-B5A8-363CDADD9E82}"
EndProject
Project("{FAE04EC0-301F-11D3-BF4B-00C04F79EFBC}") = "Mono.Security.NewTls", "Android\Mono.Security.NewTls\Mono.Security.NewTls.csproj", "{F72DD750-70EF-4243-93E9-8533D4B01FBC}"
EndProject
Project("{FAE04EC0-301F-11D3-BF4B-00C04F79EFBC}") = "Xamarin.AsyncTests.Framework", "external\web-tests\Xamarin.AsyncTests.Framework\Xamarin.AsyncTests.Framework.csproj", "{BEC2B807-EF3B-4013-B828-B3BB2AC1620D}"
EndProject
Project("{FAE04EC0-301F-11D3-BF4B-00C04F79EFBC}") = "Xamarin.AsyncTests.Remoting", "external\web-tests\Xamarin.AsyncTests.Remoting\Xamarin.AsyncTests.Remoting.csproj", "{584654DF-6888-4B18-AB82-3C773CD45436}"
EndProject
Project("{FAE04EC0-301F-11D3-BF4B-00C04F79EFBC}") = "Mono.Security.NewTls.TestFramework", "Mono.Security.NewTls.TestFramework\Mono.Security.NewTls.TestFramework.csproj", "{EA1D2205-446B-4B54-823A-94985CC36A17}"
EndProject
Project("{D954291E-2A0B-460D-934E-DC6B0785DB48}") = "Mono.Security.NewTls.TestProvider", "Mono.Security.NewTls.TestProvider\Mono.Security.NewTls.TestProvider.shproj", "{648D351C-B6F7-4BFC-9BD2-1F82C6869EC2}"
EndProject
Project("{D954291E-2A0B-460D-934E-DC6B0785DB48}") = "Xamarin.AsyncTests.PortableImpl", "external\web-tests\support\Xamarin.AsyncTests.PortableImpl\Xamarin.AsyncTests.PortableImpl.shproj", "{4D53941A-ABBE-4B89-A362-C56F7BC0B20A}"
EndProject
Project("{FAE04EC0-301F-11D3-BF4B-00C04F79EFBC}") = "Mono.Security.NewTls.Android", "Android\Mono.Security.NewTls.Android\Mono.Security.NewTls.Android.csproj", "{E342EA33-8ADA-4104-BF5A-18F4DD13FCD8}"
EndProject
Project("{FAE04EC0-301F-11D3-BF4B-00C04F79EFBC}") = "Mono.Security.NewTls.Tests", "Mono.Security.NewTls.Tests\Mono.Security.NewTls.Tests.csproj", "{96EBF2A3-C7E8-4295-9715-938E3A1CA4AD}"
EndProject
Global
	GlobalSection(SolutionConfigurationPlatforms) = preSolution
		Debug|Any CPU = Debug|Any CPU
		Release|Any CPU = Release|Any CPU
		DebugWin|Any CPU = DebugWin|Any CPU
	EndGlobalSection
	GlobalSection(ProjectConfigurationPlatforms) = postSolution
		{584654DF-6888-4B18-AB82-3C773CD45436}.Debug|Any CPU.ActiveCfg = Debug|Any CPU
		{584654DF-6888-4B18-AB82-3C773CD45436}.Debug|Any CPU.Build.0 = Debug|Any CPU
		{584654DF-6888-4B18-AB82-3C773CD45436}.DebugWin|Any CPU.ActiveCfg = DebugWin|Any CPU
		{584654DF-6888-4B18-AB82-3C773CD45436}.DebugWin|Any CPU.Build.0 = DebugWin|Any CPU
		{584654DF-6888-4B18-AB82-3C773CD45436}.Release|Any CPU.ActiveCfg = Release|Any CPU
		{584654DF-6888-4B18-AB82-3C773CD45436}.Release|Any CPU.Build.0 = Release|Any CPU
		{96EBF2A3-C7E8-4295-9715-938E3A1CA4AD}.Debug|Any CPU.ActiveCfg = Debug|Any CPU
		{96EBF2A3-C7E8-4295-9715-938E3A1CA4AD}.Debug|Any CPU.Build.0 = Debug|Any CPU
		{96EBF2A3-C7E8-4295-9715-938E3A1CA4AD}.DebugWin|Any CPU.ActiveCfg = Debug|Any CPU
		{96EBF2A3-C7E8-4295-9715-938E3A1CA4AD}.DebugWin|Any CPU.Build.0 = Debug|Any CPU
		{96EBF2A3-C7E8-4295-9715-938E3A1CA4AD}.Release|Any CPU.ActiveCfg = Release|Any CPU
		{96EBF2A3-C7E8-4295-9715-938E3A1CA4AD}.Release|Any CPU.Build.0 = Release|Any CPU
		{BEC2B807-EF3B-4013-B828-B3BB2AC1620D}.Debug|Any CPU.ActiveCfg = Debug|Any CPU
		{BEC2B807-EF3B-4013-B828-B3BB2AC1620D}.Debug|Any CPU.Build.0 = Debug|Any CPU
		{BEC2B807-EF3B-4013-B828-B3BB2AC1620D}.DebugWin|Any CPU.ActiveCfg = DebugWin|Any CPU
		{BEC2B807-EF3B-4013-B828-B3BB2AC1620D}.DebugWin|Any CPU.Build.0 = DebugWin|Any CPU
		{BEC2B807-EF3B-4013-B828-B3BB2AC1620D}.Release|Any CPU.ActiveCfg = Debug|Any CPU
		{BEC2B807-EF3B-4013-B828-B3BB2AC1620D}.Release|Any CPU.Build.0 = Debug|Any CPU
		{CE125B3F-AD36-4EDD-B3D5-4CDBE430924A}.Debug|Any CPU.ActiveCfg = Debug|Any CPU
		{CE125B3F-AD36-4EDD-B3D5-4CDBE430924A}.Debug|Any CPU.Build.0 = Debug|Any CPU
		{CE125B3F-AD36-4EDD-B3D5-4CDBE430924A}.DebugWin|Any CPU.ActiveCfg = DebugWin|Any CPU
		{CE125B3F-AD36-4EDD-B3D5-4CDBE430924A}.DebugWin|Any CPU.Build.0 = DebugWin|Any CPU
		{CE125B3F-AD36-4EDD-B3D5-4CDBE430924A}.Release|Any CPU.ActiveCfg = Release|Any CPU
		{CE125B3F-AD36-4EDD-B3D5-4CDBE430924A}.Release|Any CPU.Build.0 = Release|Any CPU
		{E342EA33-8ADA-4104-BF5A-18F4DD13FCD8}.Debug|Any CPU.ActiveCfg = Debug|Any CPU
		{E342EA33-8ADA-4104-BF5A-18F4DD13FCD8}.Debug|Any CPU.Build.0 = Debug|Any CPU
		{E342EA33-8ADA-4104-BF5A-18F4DD13FCD8}.DebugWin|Any CPU.ActiveCfg = Debug|Any CPU
		{E342EA33-8ADA-4104-BF5A-18F4DD13FCD8}.DebugWin|Any CPU.Build.0 = Debug|Any CPU
		{E342EA33-8ADA-4104-BF5A-18F4DD13FCD8}.Release|Any CPU.ActiveCfg = Release|Any CPU
		{E342EA33-8ADA-4104-BF5A-18F4DD13FCD8}.Release|Any CPU.Build.0 = Release|Any CPU
		{E471C608-9CA8-4787-B5A8-363CDADD9E82}.Debug|Any CPU.ActiveCfg = Debug|Any CPU
		{E471C608-9CA8-4787-B5A8-363CDADD9E82}.Debug|Any CPU.Build.0 = Debug|Any CPU
		{E471C608-9CA8-4787-B5A8-363CDADD9E82}.DebugWin|Any CPU.ActiveCfg = Debug|Any CPU
		{E471C608-9CA8-4787-B5A8-363CDADD9E82}.DebugWin|Any CPU.Build.0 = Debug|Any CPU
		{E471C608-9CA8-4787-B5A8-363CDADD9E82}.Release|Any CPU.ActiveCfg = Release|Any CPU
		{E471C608-9CA8-4787-B5A8-363CDADD9E82}.Release|Any CPU.Build.0 = Release|Any CPU
		{EA1D2205-446B-4B54-823A-94985CC36A17}.Debug|Any CPU.ActiveCfg = Debug|Any CPU
		{EA1D2205-446B-4B54-823A-94985CC36A17}.Debug|Any CPU.Build.0 = Debug|Any CPU
		{EA1D2205-446B-4B54-823A-94985CC36A17}.DebugWin|Any CPU.ActiveCfg = Debug|Any CPU
		{EA1D2205-446B-4B54-823A-94985CC36A17}.DebugWin|Any CPU.Build.0 = Debug|Any CPU
		{EA1D2205-446B-4B54-823A-94985CC36A17}.Release|Any CPU.ActiveCfg = Release|Any CPU
		{EA1D2205-446B-4B54-823A-94985CC36A17}.Release|Any CPU.Build.0 = Release|Any CPU
		{F72DD750-70EF-4243-93E9-8533D4B01FBC}.Debug|Any CPU.ActiveCfg = Debug|Any CPU
		{F72DD750-70EF-4243-93E9-8533D4B01FBC}.Debug|Any CPU.Build.0 = Debug|Any CPU
		{F72DD750-70EF-4243-93E9-8533D4B01FBC}.DebugWin|Any CPU.ActiveCfg = Debug|Any CPU
		{F72DD750-70EF-4243-93E9-8533D4B01FBC}.DebugWin|Any CPU.Build.0 = Debug|Any CPU
		{F72DD750-70EF-4243-93E9-8533D4B01FBC}.Release|Any CPU.ActiveCfg = Release|Any CPU
		{F72DD750-70EF-4243-93E9-8533D4B01FBC}.Release|Any CPU.Build.0 = Release|Any CPU
	EndGlobalSection
EndGlobal
