
Microsoft Visual Studio Solution File, Format Version 12.00
# Visual Studio 2012
Project("{FAE04EC0-301F-11D3-BF4B-00C04F79EFBC}") = "Mono.Security.NewTls.Interface", "Mono.Security.NewTls.Interface\Mono.Security.NewTls.Interface.csproj", "{E471C608-9CA8-4787-B5A8-363CDADD9E82}"
EndProject
Project("{FAE04EC0-301F-11D3-BF4B-00C04F79EFBC}") = "Mono.Security.NewTls", "Mac\Mono.Security.NewTls\Mono.Security.NewTls.csproj", "{1CEE00D1-175B-41E5-8EB0-D7E1471DF700}"
EndProject
Project("{FAE04EC0-301F-11D3-BF4B-00C04F79EFBC}") = "Mono.Security.Providers.NewTls", "Mac\Mono.Security.Providers.NewTls\Mono.Security.Providers.NewTls.csproj", "{A3824ECB-B185-48C8-96F2-F4B5171366FB}"
EndProject
Project("{FAE04EC0-301F-11D3-BF4B-00C04F79EFBC}") = "Xamarin.AsyncTests", "external\web-tests\Xamarin.AsyncTests\Xamarin.AsyncTests.csproj", "{CE125B3F-AD36-4EDD-B3D5-4CDBE430924A}"
EndProject
Project("{FAE04EC0-301F-11D3-BF4B-00C04F79EFBC}") = "Xamarin.AsyncTests.Framework", "external\web-tests\Xamarin.AsyncTests.Framework\Xamarin.AsyncTests.Framework.csproj", "{BEC2B807-EF3B-4013-B828-B3BB2AC1620D}"
EndProject
Project("{D954291E-2A0B-460D-934E-DC6B0785DB48}") = "Xamarin.AsyncTests.PortableImpl", "external\web-tests\Xamarin.AsyncTests.PortableImpl\Xamarin.AsyncTests.PortableImpl.shproj", "{4D53941A-ABBE-4B89-A362-C56F7BC0B20A}"
EndProject
Project("{FAE04EC0-301F-11D3-BF4B-00C04F79EFBC}") = "Xamarin.WebTests", "external\web-tests\Xamarin.WebTests\Xamarin.WebTests.csproj", "{E93E8622-665B-44D6-B36A-89C93B5B3532}"
EndProject
Project("{FAE04EC0-301F-11D3-BF4B-00C04F79EFBC}") = "Xamarin.WebTests.Portable", "external\web-tests\Xamarin.WebTests.Portable\Xamarin.WebTests.Portable.csproj", "{85371459-6509-4D96-A95D-862399E0F0BE}"
EndProject
Project("{FAE04EC0-301F-11D3-BF4B-00C04F79EFBC}") = "Mono.Security.NewTls.TestFramework", "Mono.Security.NewTls.TestFramework\Mono.Security.NewTls.TestFramework.csproj", "{EA1D2205-446B-4B54-823A-94985CC36A17}"
EndProject
Project("{FAE04EC0-301F-11D3-BF4B-00C04F79EFBC}") = "Mono.Security.NewTls.Tests", "Mono.Security.NewTls.Tests\Mono.Security.NewTls.Tests.csproj", "{96EBF2A3-C7E8-4295-9715-938E3A1CA4AD}"
EndProject
Project("{FAE04EC0-301F-11D3-BF4B-00C04F79EFBC}") = "Mono.Security.NewTls.TestProvider", "Mac\Mono.Security.NewTls.TestProvider\Mono.Security.NewTls.TestProvider.csproj", "{97CF1313-8F68-49E2-A93B-5A7EB4BACD5C}"
EndProject
Project("{FAE04EC0-301F-11D3-BF4B-00C04F79EFBC}") = "Xamarin.AsyncTests.UI", "external\web-tests\Xamarin.AsyncTests.UI\Xamarin.AsyncTests.UI.csproj", "{49780FD0-2761-4C20-ACC5-5956FFEBD51F}"
EndProject
Global
	GlobalSection(SolutionConfigurationPlatforms) = preSolution
		Debug|Any CPU = Debug|Any CPU
		Release|Any CPU = Release|Any CPU
		DebugWin|Any CPU = DebugWin|Any CPU
		AppStore|Any CPU = AppStore|Any CPU
	EndGlobalSection
	GlobalSection(ProjectConfigurationPlatforms) = postSolution
		{1CEE00D1-175B-41E5-8EB0-D7E1471DF700}.AppStore|Any CPU.ActiveCfg = Debug|Any CPU
		{1CEE00D1-175B-41E5-8EB0-D7E1471DF700}.AppStore|Any CPU.Build.0 = Debug|Any CPU
		{1CEE00D1-175B-41E5-8EB0-D7E1471DF700}.Debug|Any CPU.ActiveCfg = Debug|Any CPU
		{1CEE00D1-175B-41E5-8EB0-D7E1471DF700}.Debug|Any CPU.Build.0 = Debug|Any CPU
		{1CEE00D1-175B-41E5-8EB0-D7E1471DF700}.DebugWin|Any CPU.ActiveCfg = Debug|Any CPU
		{1CEE00D1-175B-41E5-8EB0-D7E1471DF700}.DebugWin|Any CPU.Build.0 = Debug|Any CPU
		{1CEE00D1-175B-41E5-8EB0-D7E1471DF700}.Release|Any CPU.ActiveCfg = Release|Any CPU
		{1CEE00D1-175B-41E5-8EB0-D7E1471DF700}.Release|Any CPU.Build.0 = Release|Any CPU
		{49780FD0-2761-4C20-ACC5-5956FFEBD51F}.AppStore|Any CPU.ActiveCfg = Debug|Any CPU
		{49780FD0-2761-4C20-ACC5-5956FFEBD51F}.AppStore|Any CPU.Build.0 = Debug|Any CPU
		{49780FD0-2761-4C20-ACC5-5956FFEBD51F}.Debug|Any CPU.ActiveCfg = Debug|Any CPU
		{49780FD0-2761-4C20-ACC5-5956FFEBD51F}.Debug|Any CPU.Build.0 = Debug|Any CPU
		{49780FD0-2761-4C20-ACC5-5956FFEBD51F}.DebugWin|Any CPU.ActiveCfg = Debug|Any CPU
		{49780FD0-2761-4C20-ACC5-5956FFEBD51F}.DebugWin|Any CPU.Build.0 = Debug|Any CPU
		{49780FD0-2761-4C20-ACC5-5956FFEBD51F}.Release|Any CPU.ActiveCfg = Release|Any CPU
		{49780FD0-2761-4C20-ACC5-5956FFEBD51F}.Release|Any CPU.Build.0 = Release|Any CPU
		{85371459-6509-4D96-A95D-862399E0F0BE}.AppStore|Any CPU.ActiveCfg = Debug|Any CPU
		{85371459-6509-4D96-A95D-862399E0F0BE}.AppStore|Any CPU.Build.0 = Debug|Any CPU
		{85371459-6509-4D96-A95D-862399E0F0BE}.Debug|Any CPU.ActiveCfg = Debug|Any CPU
		{85371459-6509-4D96-A95D-862399E0F0BE}.Debug|Any CPU.Build.0 = Debug|Any CPU
		{85371459-6509-4D96-A95D-862399E0F0BE}.DebugWin|Any CPU.ActiveCfg = Debug|Any CPU
		{85371459-6509-4D96-A95D-862399E0F0BE}.DebugWin|Any CPU.Build.0 = Debug|Any CPU
		{85371459-6509-4D96-A95D-862399E0F0BE}.Release|Any CPU.ActiveCfg = Release|Any CPU
		{85371459-6509-4D96-A95D-862399E0F0BE}.Release|Any CPU.Build.0 = Release|Any CPU
		{96EBF2A3-C7E8-4295-9715-938E3A1CA4AD}.AppStore|Any CPU.ActiveCfg = Debug|Any CPU
		{96EBF2A3-C7E8-4295-9715-938E3A1CA4AD}.AppStore|Any CPU.Build.0 = Debug|Any CPU
		{96EBF2A3-C7E8-4295-9715-938E3A1CA4AD}.Debug|Any CPU.ActiveCfg = Debug|Any CPU
		{96EBF2A3-C7E8-4295-9715-938E3A1CA4AD}.Debug|Any CPU.Build.0 = Debug|Any CPU
		{96EBF2A3-C7E8-4295-9715-938E3A1CA4AD}.DebugWin|Any CPU.ActiveCfg = Debug|Any CPU
		{96EBF2A3-C7E8-4295-9715-938E3A1CA4AD}.DebugWin|Any CPU.Build.0 = Debug|Any CPU
		{96EBF2A3-C7E8-4295-9715-938E3A1CA4AD}.Release|Any CPU.ActiveCfg = Release|Any CPU
		{96EBF2A3-C7E8-4295-9715-938E3A1CA4AD}.Release|Any CPU.Build.0 = Release|Any CPU
		{97CF1313-8F68-49E2-A93B-5A7EB4BACD5C}.AppStore|Any CPU.ActiveCfg = Debug|Any CPU
		{97CF1313-8F68-49E2-A93B-5A7EB4BACD5C}.AppStore|Any CPU.Build.0 = Debug|Any CPU
		{97CF1313-8F68-49E2-A93B-5A7EB4BACD5C}.Debug|Any CPU.ActiveCfg = Debug|Any CPU
		{97CF1313-8F68-49E2-A93B-5A7EB4BACD5C}.Debug|Any CPU.Build.0 = Debug|Any CPU
		{97CF1313-8F68-49E2-A93B-5A7EB4BACD5C}.DebugWin|Any CPU.ActiveCfg = Debug|Any CPU
		{97CF1313-8F68-49E2-A93B-5A7EB4BACD5C}.DebugWin|Any CPU.Build.0 = Debug|Any CPU
		{97CF1313-8F68-49E2-A93B-5A7EB4BACD5C}.Release|Any CPU.ActiveCfg = Release|Any CPU
		{97CF1313-8F68-49E2-A93B-5A7EB4BACD5C}.Release|Any CPU.Build.0 = Release|Any CPU
		{A3824ECB-B185-48C8-96F2-F4B5171366FB}.AppStore|Any CPU.ActiveCfg = Debug|Any CPU
		{A3824ECB-B185-48C8-96F2-F4B5171366FB}.AppStore|Any CPU.Build.0 = Debug|Any CPU
		{A3824ECB-B185-48C8-96F2-F4B5171366FB}.Debug|Any CPU.ActiveCfg = Debug|Any CPU
		{A3824ECB-B185-48C8-96F2-F4B5171366FB}.Debug|Any CPU.Build.0 = Debug|Any CPU
		{A3824ECB-B185-48C8-96F2-F4B5171366FB}.DebugWin|Any CPU.ActiveCfg = Debug|Any CPU
		{A3824ECB-B185-48C8-96F2-F4B5171366FB}.DebugWin|Any CPU.Build.0 = Debug|Any CPU
		{A3824ECB-B185-48C8-96F2-F4B5171366FB}.Release|Any CPU.ActiveCfg = Release|Any CPU
		{A3824ECB-B185-48C8-96F2-F4B5171366FB}.Release|Any CPU.Build.0 = Release|Any CPU
		{BEC2B807-EF3B-4013-B828-B3BB2AC1620D}.AppStore|Any CPU.ActiveCfg = Debug|Any CPU
		{BEC2B807-EF3B-4013-B828-B3BB2AC1620D}.AppStore|Any CPU.Build.0 = Debug|Any CPU
		{BEC2B807-EF3B-4013-B828-B3BB2AC1620D}.Debug|Any CPU.ActiveCfg = Debug|Any CPU
		{BEC2B807-EF3B-4013-B828-B3BB2AC1620D}.Debug|Any CPU.Build.0 = Debug|Any CPU
		{BEC2B807-EF3B-4013-B828-B3BB2AC1620D}.DebugWin|Any CPU.ActiveCfg = DebugWin|Any CPU
		{BEC2B807-EF3B-4013-B828-B3BB2AC1620D}.DebugWin|Any CPU.Build.0 = DebugWin|Any CPU
		{BEC2B807-EF3B-4013-B828-B3BB2AC1620D}.Release|Any CPU.ActiveCfg = Debug|Any CPU
		{BEC2B807-EF3B-4013-B828-B3BB2AC1620D}.Release|Any CPU.Build.0 = Debug|Any CPU
		{CE125B3F-AD36-4EDD-B3D5-4CDBE430924A}.AppStore|Any CPU.ActiveCfg = Debug|Any CPU
		{CE125B3F-AD36-4EDD-B3D5-4CDBE430924A}.AppStore|Any CPU.Build.0 = Debug|Any CPU
		{CE125B3F-AD36-4EDD-B3D5-4CDBE430924A}.Debug|Any CPU.ActiveCfg = Debug|Any CPU
		{CE125B3F-AD36-4EDD-B3D5-4CDBE430924A}.Debug|Any CPU.Build.0 = Debug|Any CPU
		{CE125B3F-AD36-4EDD-B3D5-4CDBE430924A}.DebugWin|Any CPU.ActiveCfg = DebugWin|Any CPU
		{CE125B3F-AD36-4EDD-B3D5-4CDBE430924A}.DebugWin|Any CPU.Build.0 = DebugWin|Any CPU
		{CE125B3F-AD36-4EDD-B3D5-4CDBE430924A}.Release|Any CPU.ActiveCfg = Release|Any CPU
		{CE125B3F-AD36-4EDD-B3D5-4CDBE430924A}.Release|Any CPU.Build.0 = Release|Any CPU
		{E471C608-9CA8-4787-B5A8-363CDADD9E82}.AppStore|Any CPU.ActiveCfg = Debug|Any CPU
		{E471C608-9CA8-4787-B5A8-363CDADD9E82}.AppStore|Any CPU.Build.0 = Debug|Any CPU
		{E471C608-9CA8-4787-B5A8-363CDADD9E82}.Debug|Any CPU.ActiveCfg = Debug|Any CPU
		{E471C608-9CA8-4787-B5A8-363CDADD9E82}.Debug|Any CPU.Build.0 = Debug|Any CPU
		{E471C608-9CA8-4787-B5A8-363CDADD9E82}.DebugWin|Any CPU.ActiveCfg = Debug|Any CPU
		{E471C608-9CA8-4787-B5A8-363CDADD9E82}.DebugWin|Any CPU.Build.0 = Debug|Any CPU
		{E471C608-9CA8-4787-B5A8-363CDADD9E82}.Release|Any CPU.ActiveCfg = Release|Any CPU
		{E471C608-9CA8-4787-B5A8-363CDADD9E82}.Release|Any CPU.Build.0 = Release|Any CPU
		{E93E8622-665B-44D6-B36A-89C93B5B3532}.AppStore|Any CPU.ActiveCfg = Debug|Any CPU
		{E93E8622-665B-44D6-B36A-89C93B5B3532}.AppStore|Any CPU.Build.0 = Debug|Any CPU
		{E93E8622-665B-44D6-B36A-89C93B5B3532}.Debug|Any CPU.ActiveCfg = Debug|Any CPU
		{E93E8622-665B-44D6-B36A-89C93B5B3532}.Debug|Any CPU.Build.0 = Debug|Any CPU
		{E93E8622-665B-44D6-B36A-89C93B5B3532}.DebugWin|Any CPU.ActiveCfg = DebugWin|Any CPU
		{E93E8622-665B-44D6-B36A-89C93B5B3532}.DebugWin|Any CPU.Build.0 = DebugWin|Any CPU
		{E93E8622-665B-44D6-B36A-89C93B5B3532}.Release|Any CPU.ActiveCfg = Release|Any CPU
		{E93E8622-665B-44D6-B36A-89C93B5B3532}.Release|Any CPU.Build.0 = Release|Any CPU
		{EA1D2205-446B-4B54-823A-94985CC36A17}.AppStore|Any CPU.ActiveCfg = Debug|Any CPU
		{EA1D2205-446B-4B54-823A-94985CC36A17}.AppStore|Any CPU.Build.0 = Debug|Any CPU
		{EA1D2205-446B-4B54-823A-94985CC36A17}.Debug|Any CPU.ActiveCfg = Debug|Any CPU
		{EA1D2205-446B-4B54-823A-94985CC36A17}.Debug|Any CPU.Build.0 = Debug|Any CPU
		{EA1D2205-446B-4B54-823A-94985CC36A17}.DebugWin|Any CPU.ActiveCfg = Debug|Any CPU
		{EA1D2205-446B-4B54-823A-94985CC36A17}.DebugWin|Any CPU.Build.0 = Debug|Any CPU
		{EA1D2205-446B-4B54-823A-94985CC36A17}.Release|Any CPU.ActiveCfg = Release|Any CPU
		{EA1D2205-446B-4B54-823A-94985CC36A17}.Release|Any CPU.Build.0 = Release|Any CPU
	EndGlobalSection
EndGlobal
