
Microsoft Visual Studio Solution File, Format Version 12.00
# Visual Studio 2012
Project("{FAE04EC0-301F-11D3-BF4B-00C04F79EFBC}") = "Mono.Security.NewTls", "Mac\Mono.Security.NewTls\Mono.Security.NewTls.csproj", "{1CEE00D1-175B-41E5-8EB0-D7E1471DF700}"
EndProject
Project("{FAE04EC0-301F-11D3-BF4B-00C04F79EFBC}") = "Mono.Security.Providers.NewTls", "Mac\Mono.Security.Providers.NewTls\Mono.Security.Providers.NewTls.csproj", "{A3824ECB-B185-48C8-96F2-F4B5171366FB}"
EndProject
Project("{FAE04EC0-301F-11D3-BF4B-00C04F79EFBC}") = "Xamarin.AsyncTests", "external\web-tests\Xamarin.AsyncTests\Xamarin.AsyncTests.csproj", "{CE125B3F-AD36-4EDD-B3D5-4CDBE430924A}"
EndProject
Project("{FAE04EC0-301F-11D3-BF4B-00C04F79EFBC}") = "Xamarin.AsyncTests.Framework", "external\web-tests\Xamarin.AsyncTests.Framework\Xamarin.AsyncTests.Framework.csproj", "{BEC2B807-EF3B-4013-B828-B3BB2AC1620D}"
EndProject
Project("{FAE04EC0-301F-11D3-BF4B-00C04F79EFBC}") = "Xamarin.WebTests.Framework", "external\web-tests\Xamarin.WebTests.Framework\Xamarin.WebTests.Framework.csproj", "{85371459-6509-4D96-A95D-862399E0F0BE}"
EndProject
Project("{FAE04EC0-301F-11D3-BF4B-00C04F79EFBC}") = "Mono.Security.NewTls.TestFramework", "Mono.Security.NewTls.TestFramework\Mono.Security.NewTls.TestFramework.csproj", "{EA1D2205-446B-4B54-823A-94985CC36A17}"
EndProject
Project("{FAE04EC0-301F-11D3-BF4B-00C04F79EFBC}") = "Mono.Security.NewTls.Tests", "Mono.Security.NewTls.Tests\Mono.Security.NewTls.Tests.csproj", "{96EBF2A3-C7E8-4295-9715-938E3A1CA4AD}"
EndProject
Project("{FAE04EC0-301F-11D3-BF4B-00C04F79EFBC}") = "Mono.Security.NewTls.Mac", "Mac\Mono.Security.NewTls.Mac\Mono.Security.NewTls.Mac.csproj", "{97CF1313-8F68-49E2-A93B-5A7EB4BACD5C}"
EndProject
Project("{FAE04EC0-301F-11D3-BF4B-00C04F79EFBC}") = "Xamarin.AsyncTests.UI", "external\web-tests\Xamarin.AsyncTests.UI\Xamarin.AsyncTests.UI.csproj", "{49780FD0-2761-4C20-ACC5-5956FFEBD51F}"
EndProject
Project("{D954291E-2A0B-460D-934E-DC6B0785DB48}") = "Mono.Security.NewTls.TestProvider", "Mono.Security.NewTls.TestProvider\Mono.Security.NewTls.TestProvider.shproj", "{C0AB21A9-9053-49F2-9B4C-C90CF22263A0}"
EndProject
Project("{D954291E-2A0B-460D-934E-DC6B0785DB48}") = "Xamarin.WebTests.PortableImpl", "external\web-tests\Xamarin.WebTests.PortableImpl\Xamarin.WebTests.PortableImpl.shproj", "{D578985A-B8C0-4083-8F3E-1AE2B680E85B}"
EndProject
Project("{D954291E-2A0B-460D-934E-DC6B0785DB48}") = "Xamarin.AsyncTests.PortableImpl", "external\web-tests\Xamarin.AsyncTests.PortableImpl\Xamarin.AsyncTests.PortableImpl.shproj", "{4D53941A-ABBE-4B89-A362-C56F7BC0B20A}"
EndProject
Project("{FAE04EC0-301F-11D3-BF4B-00C04F79EFBC}") = "Mono.Security.NewTls.Instrumentation", "Mono.Security.NewTls.Instrumentation\Mono.Security.NewTls.Instrumentation.csproj", "{F533A15D-8651-43F4-B293-7934638C592B}"
EndProject
Project("{FAE04EC0-301F-11D3-BF4B-00C04F79EFBC}") = "Mono.Security.Interface", "Mac\Mono.Security.Interface\Mono.Security.Interface.csproj", "{D8CF5744-B13E-4134-A4BF-9E219261C1BF}"
EndProject
Project("{FAE04EC0-301F-11D3-BF4B-00C04F79EFBC}") = "Xamarin.WebTests.PortableSecurity", "Mac\Xamarin.WebTests.PortableSecurity\Xamarin.WebTests.PortableSecurity.csproj", "{BC0385D6-52A8-41D1-9E72-3AF768C42661}"
EndProject
Global
	GlobalSection(SolutionConfigurationPlatforms) = preSolution
		Debug|Any CPU = Debug|Any CPU
		Release|Any CPU = Release|Any CPU
		DebugWin|Any CPU = DebugWin|Any CPU
		AppStore|Any CPU = AppStore|Any CPU
	EndGlobalSection
	GlobalSection(ProjectConfigurationPlatforms) = postSolution
		{1CEE00D1-175B-41E5-8EB0-D7E1471DF700}.AppStore|Any CPU.ActiveCfg = Debug|Any CPU
		{1CEE00D1-175B-41E5-8EB0-D7E1471DF700}.AppStore|Any CPU.Build.0 = Debug|Any CPU
		{1CEE00D1-175B-41E5-8EB0-D7E1471DF700}.Debug|Any CPU.ActiveCfg = Debug|Any CPU
		{1CEE00D1-175B-41E5-8EB0-D7E1471DF700}.Debug|Any CPU.Build.0 = Debug|Any CPU
		{1CEE00D1-175B-41E5-8EB0-D7E1471DF700}.DebugWin|Any CPU.ActiveCfg = Debug|Any CPU
		{1CEE00D1-175B-41E5-8EB0-D7E1471DF700}.DebugWin|Any CPU.Build.0 = Debug|Any CPU
		{1CEE00D1-175B-41E5-8EB0-D7E1471DF700}.Release|Any CPU.ActiveCfg = Release|Any CPU
		{1CEE00D1-175B-41E5-8EB0-D7E1471DF700}.Release|Any CPU.Build.0 = Release|Any CPU
		{49780FD0-2761-4C20-ACC5-5956FFEBD51F}.AppStore|Any CPU.ActiveCfg = Debug|Any CPU
		{49780FD0-2761-4C20-ACC5-5956FFEBD51F}.AppStore|Any CPU.Build.0 = Debug|Any CPU
		{49780FD0-2761-4C20-ACC5-5956FFEBD51F}.Debug|Any CPU.ActiveCfg = Debug|Any CPU
		{49780FD0-2761-4C20-ACC5-5956FFEBD51F}.Debug|Any CPU.Build.0 = Debug|Any CPU
		{49780FD0-2761-4C20-ACC5-5956FFEBD51F}.DebugWin|Any CPU.ActiveCfg = Debug|Any CPU
		{49780FD0-2761-4C20-ACC5-5956FFEBD51F}.DebugWin|Any CPU.Build.0 = Debug|Any CPU
		{49780FD0-2761-4C20-ACC5-5956FFEBD51F}.Release|Any CPU.ActiveCfg = Release|Any CPU
		{49780FD0-2761-4C20-ACC5-5956FFEBD51F}.Release|Any CPU.Build.0 = Release|Any CPU
		{85371459-6509-4D96-A95D-862399E0F0BE}.AppStore|Any CPU.ActiveCfg = Debug|Any CPU
		{85371459-6509-4D96-A95D-862399E0F0BE}.AppStore|Any CPU.Build.0 = Debug|Any CPU
		{85371459-6509-4D96-A95D-862399E0F0BE}.Debug|Any CPU.ActiveCfg = Debug|Any CPU
		{85371459-6509-4D96-A95D-862399E0F0BE}.Debug|Any CPU.Build.0 = Debug|Any CPU
		{85371459-6509-4D96-A95D-862399E0F0BE}.DebugWin|Any CPU.ActiveCfg = Debug|Any CPU
		{85371459-6509-4D96-A95D-862399E0F0BE}.DebugWin|Any CPU.Build.0 = Debug|Any CPU
		{85371459-6509-4D96-A95D-862399E0F0BE}.Release|Any CPU.ActiveCfg = Release|Any CPU
		{85371459-6509-4D96-A95D-862399E0F0BE}.Release|Any CPU.Build.0 = Release|Any CPU
		{96EBF2A3-C7E8-4295-9715-938E3A1CA4AD}.AppStore|Any CPU.ActiveCfg = Debug|Any CPU
		{96EBF2A3-C7E8-4295-9715-938E3A1CA4AD}.AppStore|Any CPU.Build.0 = Debug|Any CPU
		{96EBF2A3-C7E8-4295-9715-938E3A1CA4AD}.Debug|Any CPU.ActiveCfg = Debug|Any CPU
		{96EBF2A3-C7E8-4295-9715-938E3A1CA4AD}.Debug|Any CPU.Build.0 = Debug|Any CPU
		{96EBF2A3-C7E8-4295-9715-938E3A1CA4AD}.DebugWin|Any CPU.ActiveCfg = Debug|Any CPU
		{96EBF2A3-C7E8-4295-9715-938E3A1CA4AD}.DebugWin|Any CPU.Build.0 = Debug|Any CPU
		{96EBF2A3-C7E8-4295-9715-938E3A1CA4AD}.Release|Any CPU.ActiveCfg = Release|Any CPU
		{96EBF2A3-C7E8-4295-9715-938E3A1CA4AD}.Release|Any CPU.Build.0 = Release|Any CPU
		{97CF1313-8F68-49E2-A93B-5A7EB4BACD5C}.AppStore|Any CPU.ActiveCfg = Debug|Any CPU
		{97CF1313-8F68-49E2-A93B-5A7EB4BACD5C}.AppStore|Any CPU.Build.0 = Debug|Any CPU
		{97CF1313-8F68-49E2-A93B-5A7EB4BACD5C}.Debug|Any CPU.ActiveCfg = Debug|Any CPU
		{97CF1313-8F68-49E2-A93B-5A7EB4BACD5C}.Debug|Any CPU.Build.0 = Debug|Any CPU
		{97CF1313-8F68-49E2-A93B-5A7EB4BACD5C}.DebugWin|Any CPU.ActiveCfg = Debug|Any CPU
		{97CF1313-8F68-49E2-A93B-5A7EB4BACD5C}.DebugWin|Any CPU.Build.0 = Debug|Any CPU
		{97CF1313-8F68-49E2-A93B-5A7EB4BACD5C}.Release|Any CPU.ActiveCfg = Release|Any CPU
		{97CF1313-8F68-49E2-A93B-5A7EB4BACD5C}.Release|Any CPU.Build.0 = Release|Any CPU
		{A3824ECB-B185-48C8-96F2-F4B5171366FB}.AppStore|Any CPU.ActiveCfg = Debug|Any CPU
		{A3824ECB-B185-48C8-96F2-F4B5171366FB}.AppStore|Any CPU.Build.0 = Debug|Any CPU
		{A3824ECB-B185-48C8-96F2-F4B5171366FB}.Debug|Any CPU.ActiveCfg = Debug|Any CPU
		{A3824ECB-B185-48C8-96F2-F4B5171366FB}.Debug|Any CPU.Build.0 = Debug|Any CPU
		{A3824ECB-B185-48C8-96F2-F4B5171366FB}.DebugWin|Any CPU.ActiveCfg = Debug|Any CPU
		{A3824ECB-B185-48C8-96F2-F4B5171366FB}.DebugWin|Any CPU.Build.0 = Debug|Any CPU
		{A3824ECB-B185-48C8-96F2-F4B5171366FB}.Release|Any CPU.ActiveCfg = Release|Any CPU
		{A3824ECB-B185-48C8-96F2-F4B5171366FB}.Release|Any CPU.Build.0 = Release|Any CPU
		{BC0385D6-52A8-41D1-9E72-3AF768C42661}.AppStore|Any CPU.ActiveCfg = Debug|Any CPU
		{BC0385D6-52A8-41D1-9E72-3AF768C42661}.AppStore|Any CPU.Build.0 = Debug|Any CPU
		{BC0385D6-52A8-41D1-9E72-3AF768C42661}.Debug|Any CPU.ActiveCfg = Debug|Any CPU
		{BC0385D6-52A8-41D1-9E72-3AF768C42661}.Debug|Any CPU.Build.0 = Debug|Any CPU
		{BC0385D6-52A8-41D1-9E72-3AF768C42661}.DebugWin|Any CPU.ActiveCfg = Debug|Any CPU
		{BC0385D6-52A8-41D1-9E72-3AF768C42661}.DebugWin|Any CPU.Build.0 = Debug|Any CPU
		{BC0385D6-52A8-41D1-9E72-3AF768C42661}.Release|Any CPU.ActiveCfg = Release|Any CPU
		{BC0385D6-52A8-41D1-9E72-3AF768C42661}.Release|Any CPU.Build.0 = Release|Any CPU
		{BEC2B807-EF3B-4013-B828-B3BB2AC1620D}.AppStore|Any CPU.ActiveCfg = Debug|Any CPU
		{BEC2B807-EF3B-4013-B828-B3BB2AC1620D}.AppStore|Any CPU.Build.0 = Debug|Any CPU
		{BEC2B807-EF3B-4013-B828-B3BB2AC1620D}.Debug|Any CPU.ActiveCfg = Debug|Any CPU
		{BEC2B807-EF3B-4013-B828-B3BB2AC1620D}.Debug|Any CPU.Build.0 = Debug|Any CPU
		{BEC2B807-EF3B-4013-B828-B3BB2AC1620D}.DebugWin|Any CPU.ActiveCfg = DebugWin|Any CPU
		{BEC2B807-EF3B-4013-B828-B3BB2AC1620D}.DebugWin|Any CPU.Build.0 = DebugWin|Any CPU
		{BEC2B807-EF3B-4013-B828-B3BB2AC1620D}.Release|Any CPU.ActiveCfg = Debug|Any CPU
		{BEC2B807-EF3B-4013-B828-B3BB2AC1620D}.Release|Any CPU.Build.0 = Debug|Any CPU
		{CE125B3F-AD36-4EDD-B3D5-4CDBE430924A}.AppStore|Any CPU.ActiveCfg = Debug|Any CPU
		{CE125B3F-AD36-4EDD-B3D5-4CDBE430924A}.AppStore|Any CPU.Build.0 = Debug|Any CPU
		{CE125B3F-AD36-4EDD-B3D5-4CDBE430924A}.Debug|Any CPU.ActiveCfg = Debug|Any CPU
		{CE125B3F-AD36-4EDD-B3D5-4CDBE430924A}.Debug|Any CPU.Build.0 = Debug|Any CPU
		{CE125B3F-AD36-4EDD-B3D5-4CDBE430924A}.DebugWin|Any CPU.ActiveCfg = DebugWin|Any CPU
		{CE125B3F-AD36-4EDD-B3D5-4CDBE430924A}.DebugWin|Any CPU.Build.0 = DebugWin|Any CPU
		{CE125B3F-AD36-4EDD-B3D5-4CDBE430924A}.Release|Any CPU.ActiveCfg = Release|Any CPU
		{CE125B3F-AD36-4EDD-B3D5-4CDBE430924A}.Release|Any CPU.Build.0 = Release|Any CPU
		{D8CF5744-B13E-4134-A4BF-9E219261C1BF}.AppStore|Any CPU.ActiveCfg = Debug|Any CPU
		{D8CF5744-B13E-4134-A4BF-9E219261C1BF}.AppStore|Any CPU.Build.0 = Debug|Any CPU
		{D8CF5744-B13E-4134-A4BF-9E219261C1BF}.Debug|Any CPU.ActiveCfg = Debug|Any CPU
		{D8CF5744-B13E-4134-A4BF-9E219261C1BF}.Debug|Any CPU.Build.0 = Debug|Any CPU
		{D8CF5744-B13E-4134-A4BF-9E219261C1BF}.DebugWin|Any CPU.ActiveCfg = Debug|Any CPU
		{D8CF5744-B13E-4134-A4BF-9E219261C1BF}.DebugWin|Any CPU.Build.0 = Debug|Any CPU
		{D8CF5744-B13E-4134-A4BF-9E219261C1BF}.Release|Any CPU.ActiveCfg = Release|Any CPU
		{D8CF5744-B13E-4134-A4BF-9E219261C1BF}.Release|Any CPU.Build.0 = Release|Any CPU
		{EA1D2205-446B-4B54-823A-94985CC36A17}.AppStore|Any CPU.ActiveCfg = Debug|Any CPU
		{EA1D2205-446B-4B54-823A-94985CC36A17}.AppStore|Any CPU.Build.0 = Debug|Any CPU
		{EA1D2205-446B-4B54-823A-94985CC36A17}.Debug|Any CPU.ActiveCfg = Debug|Any CPU
		{EA1D2205-446B-4B54-823A-94985CC36A17}.Debug|Any CPU.Build.0 = Debug|Any CPU
		{EA1D2205-446B-4B54-823A-94985CC36A17}.DebugWin|Any CPU.ActiveCfg = Debug|Any CPU
		{EA1D2205-446B-4B54-823A-94985CC36A17}.DebugWin|Any CPU.Build.0 = Debug|Any CPU
		{EA1D2205-446B-4B54-823A-94985CC36A17}.Release|Any CPU.ActiveCfg = Release|Any CPU
		{EA1D2205-446B-4B54-823A-94985CC36A17}.Release|Any CPU.Build.0 = Release|Any CPU
		{F533A15D-8651-43F4-B293-7934638C592B}.AppStore|Any CPU.ActiveCfg = Debug|Any CPU
		{F533A15D-8651-43F4-B293-7934638C592B}.AppStore|Any CPU.Build.0 = Debug|Any CPU
		{F533A15D-8651-43F4-B293-7934638C592B}.Debug|Any CPU.ActiveCfg = Debug|Any CPU
		{F533A15D-8651-43F4-B293-7934638C592B}.Debug|Any CPU.Build.0 = Debug|Any CPU
		{F533A15D-8651-43F4-B293-7934638C592B}.DebugWin|Any CPU.ActiveCfg = Debug|Any CPU
		{F533A15D-8651-43F4-B293-7934638C592B}.DebugWin|Any CPU.Build.0 = Debug|Any CPU
		{F533A15D-8651-43F4-B293-7934638C592B}.Release|Any CPU.ActiveCfg = Release|Any CPU
		{F533A15D-8651-43F4-B293-7934638C592B}.Release|Any CPU.Build.0 = Release|Any CPU
	EndGlobalSection
EndGlobal
